// !$*UTF8*$!
{
	archiveVersion = 1;
	classes = {
	};
	objectVersion = 46;
	objects = {

/* Begin PBXBuildFile section */
		441A55AE177D6D1400826A34 /* IMG_0217.JPG in Resources */ = {isa = PBXBuildFile; fileRef = 441A55AD177D6D1400826A34 /* IMG_0217.JPG */; };
		441A55B0177D79BB00826A34 /* abc.png in Resources */ = {isa = PBXBuildFile; fileRef = 441A55AF177D79BB00826A34 /* abc.png */; };
		442A50881777DA8500EA9F44 /* UIKit.framework in Frameworks */ = {isa = PBXBuildFile; fileRef = 442A50871777DA8500EA9F44 /* UIKit.framework */; };
		442A508A1777DA8500EA9F44 /* Foundation.framework in Frameworks */ = {isa = PBXBuildFile; fileRef = 442A50891777DA8500EA9F44 /* Foundation.framework */; };
		442A508C1777DA8500EA9F44 /* CoreGraphics.framework in Frameworks */ = {isa = PBXBuildFile; fileRef = 442A508B1777DA8500EA9F44 /* CoreGraphics.framework */; };
		442A50921777DA8500EA9F44 /* InfoPlist.strings in Resources */ = {isa = PBXBuildFile; fileRef = 442A50901777DA8500EA9F44 /* InfoPlist.strings */; };
		442A50941777DA8600EA9F44 /* main.m in Sources */ = {isa = PBXBuildFile; fileRef = 442A50931777DA8600EA9F44 /* main.m */; };
		442A50981777DA8600EA9F44 /* AppDelegate.m in Sources */ = {isa = PBXBuildFile; fileRef = 442A50971777DA8600EA9F44 /* AppDelegate.m */; };
		442A509A1777DA8600EA9F44 /* Default.png in Resources */ = {isa = PBXBuildFile; fileRef = 442A50991777DA8600EA9F44 /* Default.png */; };
		442A509C1777DA8600EA9F44 /* Default@2x.png in Resources */ = {isa = PBXBuildFile; fileRef = 442A509B1777DA8600EA9F44 /* Default@2x.png */; };
		442A509E1777DA8600EA9F44 /* Default-568h@2x.png in Resources */ = {isa = PBXBuildFile; fileRef = 442A509D1777DA8600EA9F44 /* Default-568h@2x.png */; };
		442A50A11777DA8600EA9F44 /* ViewController.m in Sources */ = {isa = PBXBuildFile; fileRef = 442A50A01777DA8600EA9F44 /* ViewController.m */; };
		442A50A41777DA8600EA9F44 /* ViewController_iPhone.xib in Resources */ = {isa = PBXBuildFile; fileRef = 442A50A21777DA8600EA9F44 /* ViewController_iPhone.xib */; };
		442A50A71777DA8600EA9F44 /* ViewController_iPad.xib in Resources */ = {isa = PBXBuildFile; fileRef = 442A50A51777DA8600EA9F44 /* ViewController_iPad.xib */; };
		442A50B01777DAD400EA9F44 /* GestureImageView.m in Sources */ = {isa = PBXBuildFile; fileRef = 442A50AF1777DAD400EA9F44 /* GestureImageView.m */; };
		442A50B31777DCD100EA9F44 /* IMG_0218.JPG in Resources */ = {isa = PBXBuildFile; fileRef = 442A50B21777DCD100EA9F44 /* IMG_0218.JPG */; };
		442A50B91777EC4700EA9F44 /* CombinationOfImageView.m in Sources */ = {isa = PBXBuildFile; fileRef = 442A50B81777EC4700EA9F44 /* CombinationOfImageView.m */; };
/* End PBXBuildFile section */

/* Begin PBXFileReference section */
		441A55AD177D6D1400826A34 /* IMG_0217.JPG */ = {isa = PBXFileReference; lastKnownFileType = image.jpeg; path = IMG_0217.JPG; sourceTree = "<group>"; };
		441A55AF177D79BB00826A34 /* abc.png */ = {isa = PBXFileReference; lastKnownFileType = image.png; path = abc.png; sourceTree = "<group>"; };
		442A50841777DA8500EA9F44 /* CombinationOfImageDemo.app */ = {isa = PBXFileReference; explicitFileType = wrapper.application; includeInIndex = 0; path = CombinationOfImageDemo.app; sourceTree = BUILT_PRODUCTS_DIR; };
		442A50871777DA8500EA9F44 /* UIKit.framework */ = {isa = PBXFileReference; lastKnownFileType = wrapper.framework; name = UIKit.framework; path = System/Library/Frameworks/UIKit.framework; sourceTree = SDKROOT; };
		442A50891777DA8500EA9F44 /* Foundation.framework */ = {isa = PBXFileReference; lastKnownFileType = wrapper.framework; name = Foundation.framework; path = System/Library/Frameworks/Foundation.framework; sourceTree = SDKROOT; };
		442A508B1777DA8500EA9F44 /* CoreGraphics.framework */ = {isa = PBXFileReference; lastKnownFileType = wrapper.framework; name = CoreGraphics.framework; path = System/Library/Frameworks/CoreGraphics.framework; sourceTree = SDKROOT; };
		442A508F1777DA8500EA9F44 /* CombinationOfImageDemo-Info.plist */ = {isa = PBXFileReference; lastKnownFileType = text.plist.xml; path = "CombinationOfImageDemo-Info.plist"; sourceTree = "<group>"; };
		442A50911777DA8500EA9F44 /* en */ = {isa = PBXFileReference; lastKnownFileType = text.plist.strings; name = en; path = en.lproj/InfoPlist.strings; sourceTree = "<group>"; };
		442A50931777DA8600EA9F44 /* main.m */ = {isa = PBXFileReference; lastKnownFileType = sourcecode.c.objc; path = main.m; sourceTree = "<group>"; };
		442A50951777DA8600EA9F44 /* CombinationOfImageDemo-Prefix.pch */ = {isa = PBXFileReference; lastKnownFileType = sourcecode.c.h; path = "CombinationOfImageDemo-Prefix.pch"; sourceTree = "<group>"; };
		442A50961777DA8600EA9F44 /* AppDelegate.h */ = {isa = PBXFileReference; lastKnownFileType = sourcecode.c.h; path = AppDelegate.h; sourceTree = "<group>"; };
		442A50971777DA8600EA9F44 /* AppDelegate.m */ = {isa = PBXFileReference; lastKnownFileType = sourcecode.c.objc; path = AppDelegate.m; sourceTree = "<group>"; };
		442A50991777DA8600EA9F44 /* Default.png */ = {isa = PBXFileReference; lastKnownFileType = image.png; path = Default.png; sourceTree = "<group>"; };
		442A509B1777DA8600EA9F44 /* Default@2x.png */ = {isa = PBXFileReference; lastKnownFileType = image.png; path = "Default@2x.png"; sourceTree = "<group>"; };
		442A509D1777DA8600EA9F44 /* Default-568h@2x.png */ = {isa = PBXFileReference; lastKnownFileType = image.png; path = "Default-568h@2x.png"; sourceTree = "<group>"; };
		442A509F1777DA8600EA9F44 /* ViewController.h */ = {isa = PBXFileReference; lastKnownFileType = sourcecode.c.h; path = ViewController.h; sourceTree = "<group>"; };
		442A50A01777DA8600EA9F44 /* ViewController.m */ = {isa = PBXFileReference; lastKnownFileType = sourcecode.c.objc; path = ViewController.m; sourceTree = "<group>"; };
		442A50A31777DA8600EA9F44 /* en */ = {isa = PBXFileReference; lastKnownFileType = file.xib; name = en; path = en.lproj/ViewController_iPhone.xib; sourceTree = "<group>"; };
		442A50A61777DA8600EA9F44 /* en */ = {isa = PBXFileReference; lastKnownFileType = file.xib; name = en; path = en.lproj/ViewController_iPad.xib; sourceTree = "<group>"; };
		442A50AE1777DAD400EA9F44 /* GestureImageView.h */ = {isa = PBXFileReference; fileEncoding = 4; lastKnownFileType = sourcecode.c.h; path = GestureImageView.h; sourceTree = "<group>"; };
		442A50AF1777DAD400EA9F44 /* GestureImageView.m */ = {isa = PBXFileReference; fileEncoding = 4; lastKnownFileType = sourcecode.c.objc; path = GestureImageView.m; sourceTree = "<group>"; };
		442A50B21777DCD100EA9F44 /* IMG_0218.JPG */ = {isa = PBXFileReference; lastKnownFileType = image.jpeg; path = IMG_0218.JPG; sourceTree = "<group>"; };
		442A50B71777EC4700EA9F44 /* CombinationOfImageView.h */ = {isa = PBXFileReference; fileEncoding = 4; lastKnownFileType = sourcecode.c.h; path = CombinationOfImageView.h; sourceTree = "<group>"; };
		442A50B81777EC4700EA9F44 /* CombinationOfImageView.m */ = {isa = PBXFileReference; fileEncoding = 4; lastKnownFileType = sourcecode.c.objc; path = CombinationOfImageView.m; sourceTree = "<group>"; };
/* End PBXFileReference section */

/* Begin PBXFrameworksBuildPhase section */
		442A50811777DA8500EA9F44 /* Frameworks */ = {
			isa = PBXFrameworksBuildPhase;
			buildActionMask = 2147483647;
			files = (
				442A50881777DA8500EA9F44 /* UIKit.framework in Frameworks */,
				442A508A1777DA8500EA9F44 /* Foundation.framework in Frameworks */,
				442A508C1777DA8500EA9F44 /* CoreGraphics.framework in Frameworks */,
			);
			runOnlyForDeploymentPostprocessing = 0;
		};
/* End PBXFrameworksBuildPhase section */

/* Begin PBXGroup section */
		442A507B1777DA8500EA9F44 = {
			isa = PBXGroup;
			children = (
				442A50B11777DCD100EA9F44 /* Photo */,
				442A50AD1777DAD400EA9F44 /* CombinationOfImage */,
				442A508D1777DA8500EA9F44 /* CombinationOfImageDemo */,
				442A50861777DA8500EA9F44 /* Frameworks */,
				442A50851777DA8500EA9F44 /* Products */,
			);
			sourceTree = "<group>";
		};
		442A50851777DA8500EA9F44 /* Products */ = {
			isa = PBXGroup;
			children = (
				442A50841777DA8500EA9F44 /* CombinationOfImageDemo.app */,
			);
			name = Products;
			sourceTree = "<group>";
		};
		442A50861777DA8500EA9F44 /* Frameworks */ = {
			isa = PBXGroup;
			children = (
				442A50871777DA8500EA9F44 /* UIKit.framework */,
				442A50891777DA8500EA9F44 /* Foundation.framework */,
				442A508B1777DA8500EA9F44 /* CoreGraphics.framework */,
			);
			name = Frameworks;
			sourceTree = "<group>";
		};
		442A508D1777DA8500EA9F44 /* CombinationOfImageDemo */ = {
			isa = PBXGroup;
			children = (
				442A50961777DA8600EA9F44 /* AppDelegate.h */,
				442A50971777DA8600EA9F44 /* AppDelegate.m */,
				442A509F1777DA8600EA9F44 /* ViewController.h */,
				442A50A01777DA8600EA9F44 /* ViewController.m */,
				442A50A21777DA8600EA9F44 /* ViewController_iPhone.xib */,
				442A50A51777DA8600EA9F44 /* ViewController_iPad.xib */,
				442A508E1777DA8500EA9F44 /* Supporting Files */,
			);
			path = CombinationOfImageDemo;
			sourceTree = "<group>";
		};
		442A508E1777DA8500EA9F44 /* Supporting Files */ = {
			isa = PBXGroup;
			children = (
				442A508F1777DA8500EA9F44 /* CombinationOfImageDemo-Info.plist */,
				442A50901777DA8500EA9F44 /* InfoPlist.strings */,
				442A50931777DA8600EA9F44 /* main.m */,
				442A50951777DA8600EA9F44 /* CombinationOfImageDemo-Prefix.pch */,
				442A50991777DA8600EA9F44 /* Default.png */,
				442A509B1777DA8600EA9F44 /* Default@2x.png */,
				442A509D1777DA8600EA9F44 /* Default-568h@2x.png */,
			);
			name = "Supporting Files";
			sourceTree = "<group>";
		};
		442A50AD1777DAD400EA9F44 /* CombinationOfImage */ = {
			isa = PBXGroup;
			children = (
				442A50AE1777DAD400EA9F44 /* GestureImageView.h */,
				442A50AF1777DAD400EA9F44 /* GestureImageView.m */,
				442A50B71777EC4700EA9F44 /* CombinationOfImageView.h */,
				442A50B81777EC4700EA9F44 /* CombinationOfImageView.m */,
			);
			path = CombinationOfImage;
			sourceTree = "<group>";
		};
		442A50B11777DCD100EA9F44 /* Photo */ = {
			isa = PBXGroup;
			children = (
				441A55AF177D79BB00826A34 /* abc.png */,
				441A55AD177D6D1400826A34 /* IMG_0217.JPG */,
				442A50B21777DCD100EA9F44 /* IMG_0218.JPG */,
			);
			name = Photo;
			path = CombinationOfImageDemo/Photo;
			sourceTree = "<group>";
		};
/* End PBXGroup section */

/* Begin PBXNativeTarget section */
		442A50831777DA8500EA9F44 /* CombinationOfImageDemo */ = {
			isa = PBXNativeTarget;
			buildConfigurationList = 442A50AA1777DA8600EA9F44 /* Build configuration list for PBXNativeTarget "CombinationOfImageDemo" */;
			buildPhases = (
				442A50801777DA8500EA9F44 /* Sources */,
				442A50811777DA8500EA9F44 /* Frameworks */,
				442A50821777DA8500EA9F44 /* Resources */,
			);
			buildRules = (
			);
			dependencies = (
			);
			name = CombinationOfImageDemo;
			productName = CombinationOfImageDemo;
			productReference = 442A50841777DA8500EA9F44 /* CombinationOfImageDemo.app */;
			productType = "com.apple.product-type.application";
		};
/* End PBXNativeTarget section */

/* Begin PBXProject section */
		442A507C1777DA8500EA9F44 /* Project object */ = {
			isa = PBXProject;
			attributes = {
				LastUpgradeCheck = 0460;
				ORGANIZATIONNAME = "chen daozhao";
			};
			buildConfigurationList = 442A507F1777DA8500EA9F44 /* Build configuration list for PBXProject "CombinationOfImageDemo" */;
			compatibilityVersion = "Xcode 3.2";
			developmentRegion = English;
			hasScannedForEncodings = 0;
			knownRegions = (
				en,
			);
			mainGroup = 442A507B1777DA8500EA9F44;
			productRefGroup = 442A50851777DA8500EA9F44 /* Products */;
			projectDirPath = "";
			projectRoot = "";
			targets = (
				442A50831777DA8500EA9F44 /* CombinationOfImageDemo */,
			);
		};
/* End PBXProject section */

/* Begin PBXResourcesBuildPhase section */
		442A50821777DA8500EA9F44 /* Resources */ = {
			isa = PBXResourcesBuildPhase;
			buildActionMask = 2147483647;
			files = (
				442A50921777DA8500EA9F44 /* InfoPlist.strings in Resources */,
				442A509A1777DA8600EA9F44 /* Default.png in Resources */,
				442A509C1777DA8600EA9F44 /* Default@2x.png in Resources */,
				442A509E1777DA8600EA9F44 /* Default-568h@2x.png in Resources */,
				442A50A41777DA8600EA9F44 /* ViewController_iPhone.xib in Resources */,
				442A50A71777DA8600EA9F44 /* ViewController_iPad.xib in Resources */,
				442A50B31777DCD100EA9F44 /* IMG_0218.JPG in Resources */,
				441A55AE177D6D1400826A34 /* IMG_0217.JPG in Resources */,
				441A55B0177D79BB00826A34 /* abc.png in Resources */,
			);
			runOnlyForDeploymentPostprocessing = 0;
		};
/* End PBXResourcesBuildPhase section */

/* Begin PBXSourcesBuildPhase section */
		442A50801777DA8500EA9F44 /* Sources */ = {
			isa = PBXSourcesBuildPhase;
			buildActionMask = 2147483647;
			files = (
				442A50941777DA8600EA9F44 /* main.m in Sources */,
				442A50981777DA8600EA9F44 /* AppDelegate.m in Sources */,
				442A50A11777DA8600EA9F44 /* ViewController.m in Sources */,
				442A50B01777DAD400EA9F44 /* GestureImageView.m in Sources */,
				442A50B91777EC4700EA9F44 /* CombinationOfImageView.m in Sources */,
			);
			runOnlyForDeploymentPostprocessing = 0;
		};
/* End PBXSourcesBuildPhase section */

/* Begin PBXVariantGroup section */
		442A50901777DA8500EA9F44 /* InfoPlist.strings */ = {
			isa = PBXVariantGroup;
			children = (
				442A50911777DA8500EA9F44 /* en */,
			);
			name = InfoPlist.strings;
			sourceTree = "<group>";
		};
		442A50A21777DA8600EA9F44 /* ViewController_iPhone.xib */ = {
			isa = PBXVariantGroup;
			children = (
				442A50A31777DA8600EA9F44 /* en */,
			);
			name = ViewController_iPhone.xib;
			sourceTree = "<group>";
		};
		442A50A51777DA8600EA9F44 /* ViewController_iPad.xib */ = {
			isa = PBXVariantGroup;
			children = (
				442A50A61777DA8600EA9F44 /* en */,
			);
			name = ViewController_iPad.xib;
			sourceTree = "<group>";
		};
/* End PBXVariantGroup section */

/* Begin XCBuildConfiguration section */
		442A50A81777DA8600EA9F44 /* Debug */ = {
			isa = XCBuildConfiguration;
			buildSettings = {
				ALWAYS_SEARCH_USER_PATHS = NO;
				CLANG_CXX_LANGUAGE_STANDARD = "gnu++0x";
				CLANG_CXX_LIBRARY = "libc++";
				CLANG_ENABLE_OBJC_ARC = YES;
				CLANG_WARN_CONSTANT_CONVERSION = YES;
				CLANG_WARN_EMPTY_BODY = YES;
				CLANG_WARN_ENUM_CONVERSION = YES;
				CLANG_WARN_INT_CONVERSION = YES;
				CLANG_WARN__DUPLICATE_METHOD_MATCH = YES;
				"CODE_SIGN_IDENTITY[sdk=iphoneos*]" = "iPhone Developer";
				COPY_PHASE_STRIP = NO;
				GCC_C_LANGUAGE_STANDARD = gnu99;
				GCC_DYNAMIC_NO_PIC = NO;
				GCC_OPTIMIZATION_LEVEL = 0;
				GCC_PREPROCESSOR_DEFINITIONS = (
					"DEBUG=1",
					"$(inherited)",
				);
				GCC_SYMBOLS_PRIVATE_EXTERN = NO;
				GCC_WARN_ABOUT_RETURN_TYPE = YES;
				GCC_WARN_UNINITIALIZED_AUTOS = YES;
				GCC_WARN_UNUSED_VARIABLE = YES;
				IPHONEOS_DEPLOYMENT_TARGET = 6.1;
				ONLY_ACTIVE_ARCH = YES;
				SDKROOT = iphoneos;
				TARGETED_DEVICE_FAMILY = "1,2";
			};
			name = Debug;
		};
		442A50A91777DA8600EA9F44 /* Release */ = {
			isa = XCBuildConfiguration;
			buildSettings = {
				ALWAYS_SEARCH_USER_PATHS = NO;
				CLANG_CXX_LANGUAGE_STANDARD = "gnu++0x";
				CLANG_CXX_LIBRARY = "libc++";
				CLANG_ENABLE_OBJC_ARC = YES;
				CLANG_WARN_CONSTANT_CONVERSION = YES;
				CLANG_WARN_EMPTY_BODY = YES;
				CLANG_WARN_ENUM_CONVERSION = YES;
				CLANG_WARN_INT_CONVERSION = YES;
				CLANG_WARN__DUPLICATE_METHOD_MATCH = YES;
				"CODE_SIGN_IDENTITY[sdk=iphoneos*]" = "iPhone Developer";
				COPY_PHASE_STRIP = YES;
				GCC_C_LANGUAGE_STANDARD = gnu99;
				GCC_WARN_ABOUT_RETURN_TYPE = YES;
				GCC_WARN_UNINITIALIZED_AUTOS = YES;
				GCC_WARN_UNUSED_VARIABLE = YES;
				IPHONEOS_DEPLOYMENT_TARGET = 6.1;
				OTHER_CFLAGS = "-DNS_BLOCK_ASSERTIONS=1";
				SDKROOT = iphoneos;
				TARGETED_DEVICE_FAMILY = "1,2";
				VALIDATE_PRODUCT = YES;
			};
			name = Release;
		};
		442A50AB1777DA8600EA9F44 /* Debug */ = {
			isa = XCBuildConfiguration;
			buildSettings = {
				GCC_PRECOMPILE_PREFIX_HEADER = YES;
				GCC_PREFIX_HEADER = "CombinationOfImageDemo/CombinationOfImageDemo-Prefix.pch";
				INFOPLIST_FILE = "CombinationOfImageDemo/CombinationOfImageDemo-Info.plist";
				PRODUCT_NAME = "$(TARGET_NAME)";
				WRAPPER_EXTENSION = app;
			};
			name = Debug;
		};
		442A50AC1777DA8600EA9F44 /* Release */ = {
			isa = XCBuildConfiguration;
			buildSettings = {
				GCC_PRECOMPILE_PREFIX_HEADER = YES;
				GCC_PREFIX_HEADER = "CombinationOfImageDemo/CombinationOfImageDemo-Prefix.pch";
				INFOPLIST_FILE = "CombinationOfImageDemo/CombinationOfImageDemo-Info.plist";
				PRODUCT_NAME = "$(TARGET_NAME)";
				WRAPPER_EXTENSION = app;
			};
			name = Release;
		};
/* End XCBuildConfiguration section */

/* Begin XCConfigurationList section */
		442A507F1777DA8500EA9F44 /* Build configuration list for PBXProject "CombinationOfImageDemo" */ = {
			isa = XCConfigurationList;
			buildConfigurations = (
				442A50A81777DA8600EA9F44 /* Debug */,
				442A50A91777DA8600EA9F44 /* Release */,
			);
			defaultConfigurationIsVisible = 0;
			defaultConfigurationName = Release;
		};
		442A50AA1777DA8600EA9F44 /* Build configuration list for PBXNativeTarget "CombinationOfImageDemo" */ = {
			isa = XCConfigurationList;
			buildConfigurations = (
				442A50AB1777DA8600EA9F44 /* Debug */,
				442A50AC1777DA8600EA9F44 /* Release */,
			);
			defaultConfigurationIsVisible = 0;
			defaultConfigurationName = Release;
		};
/* End XCConfigurationList section */
	};
	rootObject = 442A507C1777DA8500EA9F44 /* Project object */;
}
